{
    "_readme": [
        "This file locks the dependencies of your project to a known state",
        "Read more about it at https://getcomposer.org/doc/01-basic-usage.md#composer-lock-the-lock-file",
        "This file is @generated automatically"
    ],
    "hash": "f24db8bde5ae5aa424f2f32232424115",
    "content-hash": "64a8a9c592369c75574754735ad97711",
    "packages": [
        {
            "name": "abraham/twitteroauth",
            "version": "dev-master",
            "source": {
                "type": "git",
                "url": "https://github.com/inewswire/twitteroauth.git",
                "reference": "8346bd8f3ef4df321c770c45cd4e8df1ebb88796"
            },
            "require": {
                "php": ">=5.3.2"
            },
            "type": "package",
            "autoload": {
                "classmap": [
                    "twitteroauth/twitteroauth.php",
                    "twitteroauth/twitter.php"
                ]
            },
            "license": [
                "MIT"
            ],
            "authors": [
                {
                    "name": "Abraham Williams",
                    "email": "abraham@abrah.am"
                }
            ],
            "description": "Twitter oauth",
            "keywords": [
                "Twitter API",
                "Twitter oAuth"
            ],
            "time": "2016-02-26 20:15:19"
        },
        {
            "name": "aweber/aweber",
            "version": "dev-master",
            "source": {
                "type": "git",
                "url": "https://github.com/Breeg/AWeber-API-PHP-Library.git",
                "reference": "11abb16e9fb2d6ee53e667ba2e1acde413cd1f8f"
            },
            "type": "library",
            "autoload": {
                "files": [
                    "aweber_api/aweber_api.php"
                ]
            },
            "license": [
                "GPL-2.0"
            ],
            "description": "The official AWeber API client library.",
            "homepage": "https://www.aweber.com",
            "keywords": [
                "api",
                "client",
                "email"
            ],
            "support": {
                "email": "api@aweber.com",
                "source": "https://github.com/aweber/AWeber-API-PHP-Library",
                "issues": "https://github.com/aweber/AWeber-API-PHP-Library"
            },
            "time": "2016-02-29 15:43:07"
        },
        {
            "name": "cosenary/instagram",
            "version": "v2.3",
            "source": {
                "type": "git",
                "url": "https://github.com/cosenary/Instagram-PHP-API.git",
                "reference": "fbf4c82e2cc7e9a7fd6f9fd7bba1fd2c506102a5"
            },
            "dist": {
                "type": "zip",
                "url": "https://api.github.com/repos/cosenary/Instagram-PHP-API/zipball/fbf4c82e2cc7e9a7fd6f9fd7bba1fd2c506102a5",
                "reference": "fbf4c82e2cc7e9a7fd6f9fd7bba1fd2c506102a5",
                "shasum": ""
            },
            "require": {
                "ext-curl": "*",
                "php": ">=5.2.0"
            },
            "type": "library",
            "autoload": {
                "psr-4": {
                    "MetzWeb\\Instagram\\": "src"
                }
            },
            "notification-url": "https://packagist.org/downloads/",
            "license": [
                "BSD"
            ],
            "authors": [
                {
                    "name": "Christian Metz",
                    "email": "christian-metz1@gmx.net",
                    "homepage": "http://metzweb.net"
                }
            ],
            "description": "An easy-to-use PHP Class for accessing Instagram's API.",
            "homepage": "https://github.com/cosenary/Instagram-PHP-API",
            "keywords": [
                "api",
                "instagram"
            ],
            "time": "2014-11-29 13:10:42"
        },
        {
            "name": "diolemo/beanstalk",
            "version": "dev-master",
            "source": {
                "type": "git",
                "url": "https://github.com/diolemo/beanstalk.git",
                "reference": "a19e336bb88acd6f292c4065d36622ed5ef48437"
            },
            "require": {
                "php": ">=5.4.1"
            },
            "require-dev": {
                "phpunit/phpunit": ">=4.0.0"
            },
            "type": "library",
            "autoload": {
                "psr-4": {
                    "Beanstalk\\": "src/"
                }
            },
            "license": [
                "MIT"
            ],
            "authors": [
                {
                    "name": "David Persson",
                    "email": "davidpersson@gmx.de"
                }
            ],
            "description": "Minimalistic PHP client for beanstalkd.",
            "homepage": "https://github.com/diolemo/beanstalk",
            "keywords": [
                "beanstalk",
                "beanstalkd",
                "queue",
                "socket"
            ],
            "time": "2016-11-02 13:46:20"
        },
        {
            "name": "facebook/graph-sdk",
            "version": "5.4.2",
            "source": {
                "type": "git",
                "url": "https://github.com/facebook/php-graph-sdk.git",
                "reference": "2839246e971aef150650196acbb46d47e5207370"
            },
            "dist": {
                "type": "zip",
                "url": "https://api.github.com/repos/facebook/php-graph-sdk/zipball/2839246e971aef150650196acbb46d47e5207370",
                "reference": "2839246e971aef150650196acbb46d47e5207370",
                "shasum": ""
            },
            "require": {
                "php": "^5.4|^7.0"
            },
            "require-dev": {
                "guzzlehttp/guzzle": "~5.0",
                "mockery/mockery": "~0.8",
                "phpunit/phpunit": "~4.0"
            },
            "suggest": {
                "guzzlehttp/guzzle": "Allows for implementation of the Guzzle HTTP client",
                "paragonie/random_compat": "Provides a better CSPRNG option in PHP 5"
            },
            "type": "library",
            "extra": {
                "branch-alias": {
                    "dev-master": "5.x-dev"
                }
            },
            "autoload": {
                "psr-4": {
                    "Facebook\\": "src/Facebook/"
                },
                "files": [
                    "src/Facebook/polyfills.php"
                ]
            },
            "notification-url": "https://packagist.org/downloads/",
            "license": [
                "Facebook Platform"
            ],
            "authors": [
                {
                    "name": "Facebook",
                    "homepage": "https://github.com/facebook/php-graph-sdk/contributors"
                }
            ],
            "description": "Facebook SDK for PHP",
            "homepage": "https://github.com/facebook/php-graph-sdk",
            "keywords": [
                "facebook",
                "sdk"
            ],
            "time": "2016-11-15 14:34:16"
        },
        {
            "name": "facebook/php-sdk",
            "version": "dev-master",
            "source": {
                "type": "git",
                "url": "https://github.com/inewswire/facebook-php-sdk.git",
                "reference": "f8eeba6ed8d9ff748bfa6b4e6cd3a3d31c1077b1"
            },
            "require": {
                "ext-curl": "*",
                "ext-json": "*",
                "php": ">=5.2.0"
            },
            "type": "library",
            "autoload": {
                "classmap": [
                    "src"
                ]
            },
            "license": [
                "Apache2"
            ],
            "authors": [
                {
                    "name": "Facebook",
                    "homepage": "https://github.com/facebook/facebook-php-sdk/contributors"
                }
            ],
            "description": "Facebook PHP SDK",
            "homepage": "https://github.com/facebook/facebook-php-sdk",
            "keywords": [
                "facebook",
                "sdk"
            ],
            "time": "2013-08-06 06:58:29"
        },
        {
            "name": "inewswire/braintree_php",
            "version": "3.9.0",
            "source": {
                "type": "git",
                "url": "https://github.com/inewswire/braintree_php.git",
                "reference": "e0b0352da708cfdf5d64cbc678bd142adce43190"
            },
            "require": {
                "ext-curl": "*",
                "ext-dom": "*",
                "ext-hash": "*",
                "ext-openssl": "*",
                "ext-xmlwriter": "*",
                "php": ">=5.4.0"
            },
            "require-dev": {
                "phpunit/phpunit": "3.7.*"
            },
            "type": "library",
            "autoload": {
                "psr-0": {
                    "Braintree": "lib/"
                },
                "psr-4": {
                    "Braintree\\": "lib/Braintree"
                }
            },
            "autoload-dev": {
                "psr-4": {
                    "Test\\": "tests"
                }
            },
            "license": [
                "MIT"
            ],
            "authors": [
                {
                    "name": "Braintree",
                    "homepage": "http://www.braintreepayments.com"
                }
            ],
            "description": "Braintree PHP Client Library",
            "time": "2016-02-29 20:04:08"
        },
        {
            "name": "inewswire/force.com-toolkit-for-php",
            "version": "1.0",
            "source": {
                "type": "git",
                "url": "https://github.com/inewswire/Force.com-Toolkit-for-PHP",
                "reference": "0cdee3580f568ddb5d83041fe17b2e2eb2d31784"
            },
            "type": "library",
            "autoload": {
                "classmap": [
                    "soapclient"
                ]
            },
            "license": [
                "BSD-3-Clause"
            ],
            "description": "A wrapper for the Force.com Web Services SOAP API",
            "time": "2016-02-29 20:51:17"
        },
        {
            "name": "kevinlebrun/colors.php",
            "version": "1.0.2",
            "source": {
                "type": "git",
                "url": "https://github.com/kevinlebrun/colors.php.git",
                "reference": "6d7140aeedef46c97c2324f09b752c599ef17dac"
            },
            "dist": {
                "type": "zip",
                "url": "https://api.github.com/repos/kevinlebrun/colors.php/zipball/6d7140aeedef46c97c2324f09b752c599ef17dac",
                "reference": "6d7140aeedef46c97c2324f09b752c599ef17dac",
                "shasum": ""
            },
            "require": {
                "php": ">=5.3.0"
            },
            "require-dev": {
                "phpunit/phpunit": "3.7.*",
                "satooshi/php-coveralls": "1.0.*",
                "squizlabs/php_codesniffer": "1.*"
            },
            "type": "library",
            "autoload": {
                "psr-0": {
                    "Colors": "src/"
                }
            },
            "notification-url": "https://packagist.org/downloads/",
            "license": [
                "MIT"
            ],
            "authors": [
                {
                    "name": "Kevin Le Brun",
                    "email": "lebrun.k@gmail.com",
                    "homepage": "http://kevinlebrun.fr",
                    "role": "developer"
                }
            ],
            "description": "Colors for PHP CLI scripts",
            "homepage": "https://github.com/kevinlebrun/colors.php",
            "keywords": [
                "cli",
                "color",
                "colors",
                "console",
                "shell"
            ],
            "time": "2016-04-12 20:58:34"
        },
        {
            "name": "kissmetrics/kissmetrics",
            "version": "v1.0.0",
            "source": {
                "type": "git",
                "url": "https://github.com/kissmetrics/KISSmetrics.git",
                "reference": "ec9bde9826f0b8469d390d67835e1b108ad65fbb"
            },
            "dist": {
                "type": "zip",
                "url": "https://api.github.com/repos/kissmetrics/KISSmetrics/zipball/ec9bde9826f0b8469d390d67835e1b108ad65fbb",
                "reference": "ec9bde9826f0b8469d390d67835e1b108ad65fbb",
                "shasum": ""
            },
            "type": "library",
            "autoload": {
                "classmap": [
                    "km.php"
                ]
            },
            "notification-url": "https://packagist.org/downloads/",
            "description": "KISSmetrics API - PHP, Python",
            "time": "2013-05-22 17:10:28"
        },
        {
            "name": "league/color-extractor",
            "version": "0.2.0",
            "source": {
                "type": "git",
                "url": "https://github.com/thephpleague/color-extractor.git",
                "reference": "a88d3b921bb584488862abd62b2c91fe1dfcb6f3"
            },
            "dist": {
                "type": "zip",
                "url": "https://api.github.com/repos/thephpleague/color-extractor/zipball/a88d3b921bb584488862abd62b2c91fe1dfcb6f3",
                "reference": "a88d3b921bb584488862abd62b2c91fe1dfcb6f3",
                "shasum": ""
            },
            "require": {
                "ext-gd": "*",
                "php": ">=5.4.0"
            },
            "replace": {
                "matthecat/colorextractor": "*"
            },
            "require-dev": {
                "fabpot/php-cs-fixer": "*",
                "phpunit/phpunit": "~5"
            },
            "type": "library",
            "autoload": {
                "psr-4": {
                    "": "src"
                }
            },
            "notification-url": "https://packagist.org/downloads/",
            "license": [
                "MIT"
            ],
            "authors": [
                {
                    "name": "Mathieu Lechat",
                    "email": "math.lechat@gmail.com",
                    "homepage": "http://matthecat.com",
                    "role": "Developer"
                }
            ],
            "description": "Extract colors from an image as a human would do.",
            "homepage": "https://github.com/thephpleague/color-extractor",
            "keywords": [
                "color",
                "extract",
                "human",
                "image",
                "palette"
            ],
            "time": "2016-01-17 12:13:15"
        },
        {
            "name": "mashape/unirest-php",
            "version": "v2.6.6",
            "source": {
                "type": "git",
                "url": "https://github.com/Mashape/unirest-php.git",
                "reference": "73c2d903232bb5a125396e606b67314a87b8b21c"
            },
            "dist": {
                "type": "zip",
                "url": "https://api.github.com/repos/Mashape/unirest-php/zipball/73c2d903232bb5a125396e606b67314a87b8b21c",
                "reference": "73c2d903232bb5a125396e606b67314a87b8b21c",
                "shasum": ""
            },
            "require": {
                "ext-curl": "*",
                "ext-json": "*",
                "php": ">=5.4.0"
            },
            "require-dev": {
                "codeclimate/php-test-reporter": "0.1.*",
                "phpunit/phpunit": "~4.4"
            },
            "type": "library",
            "autoload": {
                "psr-0": {
                    "Unirest": "src"
                }
            },
            "notification-url": "https://packagist.org/downloads/",
            "license": [
                "MIT"
            ],
            "description": "Unirest PHP",
            "homepage": "https://github.com/Mashape/unirest-php",
            "keywords": [
                "client",
                "curl",
                "http",
                "https",
                "rest"
            ],
            "time": "2016-02-16 16:45:52"
        },
        {
            "name": "masterminds/html5",
            "version": "2.2.2",
            "source": {
                "type": "git",
                "url": "https://github.com/Masterminds/html5-php.git",
                "reference": "7866e93dcf0245de22378414e0c2c7350abc45af"
            },
            "dist": {
                "type": "zip",
                "url": "https://api.github.com/repos/Masterminds/html5-php/zipball/7866e93dcf0245de22378414e0c2c7350abc45af",
                "reference": "7866e93dcf0245de22378414e0c2c7350abc45af",
                "shasum": ""
            },
            "require": {
                "ext-libxml": "*",
                "php": ">=5.3.0"
            },
            "require-dev": {
                "phpunit/phpunit": "4.*",
                "sami/sami": "~2.0",
                "satooshi/php-coveralls": "1.0.*"
            },
            "type": "library",
            "extra": {
                "branch-alias": {
                    "dev-master": "2.2-dev"
                }
            },
            "autoload": {
                "psr-4": {
                    "Masterminds\\": "src"
                }
            },
            "notification-url": "https://packagist.org/downloads/",
            "license": [
                "MIT"
            ],
            "authors": [
                {
                    "name": "Matt Butcher",
                    "email": "technosophos@gmail.com"
                },
                {
                    "name": "Asmir Mustafic",
                    "email": "goetas@gmail.com"
                },
                {
                    "name": "Matt Farina",
                    "email": "matt@mattfarina.com"
                }
            ],
            "description": "An HTML5 parser and serializer.",
            "homepage": "http://masterminds.github.io/html5-php",
            "keywords": [
                "HTML5",
                "dom",
                "html",
                "parser",
                "querypath",
                "serializer",
                "xml"
            ],
            "time": "2016-09-22 11:01:11"
        },
        {
            "name": "matthiasmullie/minify",
            "version": "1.3.42",
            "source": {
                "type": "git",
                "url": "https://github.com/matthiasmullie/minify.git",
                "reference": "b473affbb76ae6ec4e46d368b5081b5bfcdd3ed2"
            },
            "dist": {
                "type": "zip",
                "url": "https://api.github.com/repos/matthiasmullie/minify/zipball/b473affbb76ae6ec4e46d368b5081b5bfcdd3ed2",
                "reference": "b473affbb76ae6ec4e46d368b5081b5bfcdd3ed2",
                "shasum": ""
            },
            "require": {
                "ext-pcre": "*",
                "matthiasmullie/path-converter": "~1.0",
                "php": ">=5.3.0"
            },
            "require-dev": {
                "friendsofphp/php-cs-fixer": "~1.0",
                "matthiasmullie/scrapbook": "~1.0",
                "phpunit/phpunit": "~4.8"
            },
            "bin": [
                "bin/minifycss",
                "bin/minifyjs"
            ],
            "type": "library",
            "autoload": {
                "psr-4": {
                    "MatthiasMullie\\Minify\\": "src/"
                }
            },
            "notification-url": "https://packagist.org/downloads/",
            "license": [
                "MIT"
            ],
            "authors": [
                {
                    "name": "Matthias Mullie",
                    "email": "minify@mullie.eu",
                    "homepage": "http://www.mullie.eu",
                    "role": "Developer"
                }
            ],
            "description": "CSS & JS minifier",
            "homepage": "http://www.minifier.org",
            "keywords": [
                "JS",
                "css",
                "javascript",
                "minifier",
                "minify"
            ],
            "time": "2016-11-23 10:16:14"
        },
        {
            "name": "matthiasmullie/path-converter",
            "version": "1.0.8",
            "source": {
                "type": "git",
                "url": "https://github.com/matthiasmullie/path-converter.git",
                "reference": "7c36e5cafa95dd20008d19b153b506cffa8c2848"
            },
            "dist": {
                "type": "zip",
                "url": "https://api.github.com/repos/matthiasmullie/path-converter/zipball/7c36e5cafa95dd20008d19b153b506cffa8c2848",
                "reference": "7c36e5cafa95dd20008d19b153b506cffa8c2848",
                "shasum": ""
            },
            "require": {
                "ext-pcre": "*",
                "php": ">=5.3.0"
            },
            "require-dev": {
                "phpunit/phpunit": "~4.8"
            },
            "type": "library",
            "autoload": {
                "psr-4": {
                    "MatthiasMullie\\PathConverter\\": "src/"
                }
            },
            "notification-url": "https://packagist.org/downloads/",
            "license": [
                "MIT"
            ],
            "authors": [
                {
                    "name": "Matthias Mullie",
                    "email": "pathconverter@mullie.eu",
                    "homepage": "http://www.mullie.eu",
                    "role": "Developer"
                }
            ],
            "description": "Relative path converter",
            "homepage": "http://github.com/matthiasmullie/path-converter",
            "keywords": [
                "converter",
                "path",
                "paths",
                "relative"
            ],
            "time": "2016-04-27 10:38:05"
        },
        {
            "name": "mustache/mustache",
            "version": "v2.11.1",
            "source": {
                "type": "git",
                "url": "https://github.com/bobthecow/mustache.php.git",
                "reference": "a3f6d55996dd28b58f3a909d474189a3c1aa693f"
            },
            "dist": {
                "type": "zip",
                "url": "https://api.github.com/repos/bobthecow/mustache.php/zipball/a3f6d55996dd28b58f3a909d474189a3c1aa693f",
                "reference": "a3f6d55996dd28b58f3a909d474189a3c1aa693f",
                "shasum": ""
            },
            "require": {
                "php": ">=5.2.4"
            },
            "require-dev": {
                "friendsofphp/php-cs-fixer": "~1.11",
                "phpunit/phpunit": "~3.7|~4.0|~5.0"
            },
            "type": "library",
            "autoload": {
                "psr-0": {
                    "Mustache": "src/"
                }
            },
            "notification-url": "https://packagist.org/downloads/",
            "license": [
                "MIT"
            ],
            "authors": [
                {
                    "name": "Justin Hileman",
                    "email": "justin@justinhileman.info",
                    "homepage": "http://justinhileman.com"
                }
            ],
            "description": "A Mustache implementation in PHP.",
            "homepage": "https://github.com/bobthecow/mustache.php",
            "keywords": [
                "mustache",
                "templating"
            ],
            "time": "2016-07-31 06:18:27"
        },
        {
            "name": "p3k/multipart",
            "version": "0.1.1",
            "source": {
                "type": "git",
                "url": "https://github.com/aaronpk/php-multipart-encoder.git",
                "reference": "f5400011b20046cebbdfed686d051fb2aa600a14"
            },
            "dist": {
                "type": "zip",
                "url": "https://api.github.com/repos/aaronpk/php-multipart-encoder/zipball/f5400011b20046cebbdfed686d051fb2aa600a14",
                "reference": "f5400011b20046cebbdfed686d051fb2aa600a14",
                "shasum": ""
            },
            "require": {
                "php": ">5.4.0"
            },
            "type": "library",
            "autoload": {
                "files": [
                    "src/p3k/Multipart.php"
                ]
            },
            "notification-url": "https://packagist.org/downloads/",
            "license": [
                "Apache 2.0"
            ],
            "authors": [
                {
                    "name": "Aaron Parecki",
                    "homepage": "http://aaronparecki.com"
                }
            ],
            "description": "Multipart Encoding Library",
            "time": "2015-07-16 19:28:02"
        },
        {
            "name": "pelago/emogrifier",
            "version": "V1.0.0",
            "source": {
                "type": "git",
                "url": "https://github.com/jjriv/emogrifier.git",
                "reference": "1160bcbc523c7941d2d0dc2a9e59c51c66420b4b"
            },
            "dist": {
                "type": "zip",
                "url": "https://api.github.com/repos/jjriv/emogrifier/zipball/1160bcbc523c7941d2d0dc2a9e59c51c66420b4b",
                "reference": "1160bcbc523c7941d2d0dc2a9e59c51c66420b4b",
                "shasum": ""
            },
            "require": {
                "ext-mbstring": "*",
                "php": ">=5.4.0"
            },
            "require-dev": {
                "phpunit/phpunit": "4.8.11",
                "squizlabs/php_codesniffer": "2.3.4",
                "typo3-ci/typo3sniffpool": "2.1.1"
            },
            "type": "library",
            "extra": {
                "branch-alias": {
                    "dev-master": "1.1.x-dev"
                }
            },
            "autoload": {
                "psr-4": {
                    "Pelago\\": "Classes/"
                }
            },
            "notification-url": "https://packagist.org/downloads/",
            "license": [
                "MIT"
            ],
            "authors": [
                {
                    "name": "John Reeve",
                    "email": "jreeve@pelagodesign.com"
                },
                {
                    "name": "Cameron Brooks"
                },
                {
                    "name": "Jaime Prado"
                },
                {
                    "name": "Oliver Klee",
                    "email": "typo3-coding@oliverklee.de"
                },
                {
                    "name": "Roman Ožana",
                    "email": "ozana@omdesign.cz"
                }
            ],
            "description": "Converts CSS styles into inline style attributes in your HTML code",
            "homepage": "http://www.pelagodesign.com/sidecar/emogrifier/",
            "time": "2015-10-14 22:22:15"
        },
        {
            "name": "querypath/querypath",
            "version": "3.0.5",
            "source": {
                "type": "git",
                "url": "https://github.com/technosophos/querypath.git",
                "reference": "6b8e2395fac61fac25bbe962f94def556cb85f7d"
            },
            "dist": {
                "type": "zip",
                "url": "https://api.github.com/repos/technosophos/querypath/zipball/6b8e2395fac61fac25bbe962f94def556cb85f7d",
                "reference": "6b8e2395fac61fac25bbe962f94def556cb85f7d",
                "shasum": ""
            },
            "require": {
                "masterminds/html5": "2.*",
                "php": ">=5.3.0"
            },
            "type": "library",
            "autoload": {
                "psr-0": {
                    "QueryPath": "src/"
                },
                "files": [
                    "src/qp_functions.php"
                ]
            },
            "notification-url": "https://packagist.org/downloads/",
            "license": [
                "MIT"
            ],
            "description": "HTML/XML querying (CSS 4 or XPath) and processing (like jQuery)",
            "homepage": "https://github.com/technosophos/querypath",
            "keywords": [
                "css",
                "html",
                "jquery",
                "xml",
                "xslt"
            ],
            "time": "2016-08-01 22:40:30"
        },
        {
            "name": "soundasleep/html2text",
            "version": "0.3.4",
            "source": {
                "type": "git",
                "url": "https://github.com/soundasleep/html2text.git",
                "reference": "a1f77b8f340c8425b746bef1d1040189e89be334"
            },
            "dist": {
                "type": "zip",
                "url": "https://api.github.com/repos/soundasleep/html2text/zipball/a1f77b8f340c8425b746bef1d1040189e89be334",
                "reference": "a1f77b8f340c8425b746bef1d1040189e89be334",
                "shasum": ""
            },
            "require": {
                "ext-dom": "*",
                "ext-libxml": "*",
                "php": ">=5.3.2"
            },
            "require-dev": {
                "phpunit/phpunit": ">=4.0",
                "soundasleep/component-tests": "dev-master"
            },
            "type": "library",
            "autoload": {
                "psr-4": {
                    "Html2Text\\": "src"
                }
            },
            "notification-url": "https://packagist.org/downloads/",
            "license": [
                "EPL-1.0"
            ],
            "authors": [
                {
                    "name": "Jevon Wright",
                    "homepage": "https://jevon.org",
                    "role": "Developer"
                }
            ],
            "description": "A PHP script to convert HTML into a plain text format",
            "homepage": "https://github.com/soundasleep/html2text",
            "keywords": [
                "email",
                "html",
                "php",
                "text"
            ],
            "time": "2016-06-09 04:56:16"
        },
        {
            "name": "symfony/yaml",
            "version": "v2.8.14",
            "source": {
                "type": "git",
                "url": "https://github.com/symfony/yaml.git",
                "reference": "befb26a3713c97af90d25dd12e75621ef14d91ff"
            },
            "dist": {
                "type": "zip",
                "url": "https://api.github.com/repos/symfony/yaml/zipball/befb26a3713c97af90d25dd12e75621ef14d91ff",
                "reference": "befb26a3713c97af90d25dd12e75621ef14d91ff",
                "shasum": ""
            },
            "require": {
                "php": ">=5.3.9"
            },
            "type": "library",
            "extra": {
                "branch-alias": {
                    "dev-master": "2.8-dev"
                }
            },
            "autoload": {
                "psr-4": {
                    "Symfony\\Component\\Yaml\\": ""
                },
                "exclude-from-classmap": [
                    "/Tests/"
                ]
            },
            "notification-url": "https://packagist.org/downloads/",
            "license": [
                "MIT"
            ],
            "authors": [
                {
                    "name": "Fabien Potencier",
                    "email": "fabien@symfony.com"
                },
                {
                    "name": "Symfony Community",
                    "homepage": "https://symfony.com/contributors"
                }
            ],
            "description": "Symfony Yaml Component",
            "homepage": "https://symfony.com",
            "time": "2016-11-14 16:15:57"
        },
        {
            "name": "templateria/spamassassin",
            "version": "dev-master",
            "source": {
                "type": "git",
                "url": "https://github.com/templateria/php-spamassassin.git",
                "reference": "0199b79458ab3afc37ba719ffdee90821a051c3f"
            },
            "dist": {
                "type": "zip",
                "url": "https://api.github.com/repos/templateria/php-spamassassin/zipball/0199b79458ab3afc37ba719ffdee90821a051c3f",
                "reference": "0199b79458ab3afc37ba719ffdee90821a051c3f",
                "shasum": ""
            },
            "require": {
                "php": ">=5.3.0"
            },
            "require-dev": {
                "phpunit/phpunit": "~4.3.0"
            },
            "type": "library",
            "autoload": {
                "classmap": [
                    "src/Spamassassin/"
                ]
            },
            "notification-url": "https://packagist.org/downloads/",
            "license": [
                "Apache-2.0"
            ],
            "authors": [
                {
                    "name": "Pedro Padron",
                    "email": "ppadron@php.net"
                }
            ],
            "description": "Spamd protocol client for PHP. PHP package that implements the spamd protocol specification",
            "keywords": [
                "spamassassin",
                "spamd"
            ],
            "time": "2016-01-13 00:46:31"
        },
        {
            "name": "zbateson/mail-mime-parser",
            "version": "0.3.1",
            "source": {
                "type": "git",
                "url": "https://github.com/zbateson/MailMimeParser.git",
                "reference": "373de6cce4a23155b55ed84d5450df6525c01814"
            },
            "dist": {
                "type": "zip",
                "url": "https://api.github.com/repos/zbateson/MailMimeParser/zipball/373de6cce4a23155b55ed84d5450df6525c01814",
                "reference": "373de6cce4a23155b55ed84d5450df6525c01814",
                "shasum": ""
            },
            "require": {
                "ext-mbstring": "*",
                "php": ">=5.4"
            },
            "require-dev": {
                "evert/phpdoc-md": "~0.1.1",
                "phing/phing": "2.*",
                "phpdocumentor/phpdocumentor": "2.*",
                "phpunit/phpunit": "~4.8"
            },
            "type": "library",
            "autoload": {
                "psr-4": {
                    "ZBateson\\MailMimeParser\\": "src/"
                }
            },
            "notification-url": "https://packagist.org/downloads/",
            "license": [
                "BSD-2-Clause"
            ],
            "authors": [
                {
                    "name": "Zaahid Bateson",
                    "email": "zbateson@users.noreply.github.com"
                }
            ],
            "description": "PSR-2 compliant mime mail parser",
            "homepage": "https://github.com/zbateson/MailMimeParser",
            "keywords": [
                "mail",
                "mime",
                "parser"
            ],
            "time": "2016-11-08 21:03:01"
        }
    ],
    "packages-dev": [],
    "aliases": [],
    "minimum-stability": "stable",
    "stability-flags": {
        "aweber/aweber": 20,
        "diolemo/beanstalk": 20,
        "facebook/php-sdk": 20,
        "abraham/twitteroauth": 20,
        "templateria/spamassassin": 20
    },
    "prefer-stable": false,
    "prefer-lowest": false,
    "platform": [],
    "platform-dev": []
}
